
Microsoft Visual Studio Solution File, Format Version 12.00
# Visual Studio Version 16
VisualStudioVersion = 16.0.30114.105
MinimumVisualStudioVersion = 10.0.40219.1
Project("{FAE04EC0-301F-11D3-BF4B-00C04F79EFBC}") = "RepasoPersona.core", "RepasoPersona.core\RepasoPersona.core.csproj", "{B71512E1-20D1-4E5D-A71D-AC0C9B2A77B2}"
EndProject
Project("{FAE04EC0-301F-11D3-BF4B-00C04F79EFBC}") = "RespasoPersona.test", "RespasoPersona.test\RespasoPersona.test.csproj", "{FDECFB21-288C-4A1F-8E77-7634E18773AF}"
EndProject
Global
	GlobalSection(SolutionConfigurationPlatforms) = preSolution
		Debug|Any CPU = Debug|Any CPU
		Debug|x64 = Debug|x64
		Debug|x86 = Debug|x86
		Release|Any CPU = Release|Any CPU
		Release|x64 = Release|x64
		Release|x86 = Release|x86
	EndGlobalSection
	GlobalSection(SolutionProperties) = preSolution
		HideSolutionNode = FALSE
	EndGlobalSection
	GlobalSection(ProjectConfigurationPlatforms) = postSolution
		{B71512E1-20D1-4E5D-A71D-AC0C9B2A77B2}.Debug|Any CPU.ActiveCfg = Debug|Any CPU
		{B71512E1-20D1-4E5D-A71D-AC0C9B2A77B2}.Debug|Any CPU.Build.0 = Debug|Any CPU
		{B71512E1-20D1-4E5D-A71D-AC0C9B2A77B2}.Debug|x64.ActiveCfg = Debug|Any CPU
		{B71512E1-20D1-4E5D-A71D-AC0C9B2A77B2}.Debug|x64.Build.0 = Debug|Any CPU
		{B71512E1-20D1-4E5D-A71D-AC0C9B2A77B2}.Debug|x86.ActiveCfg = Debug|Any CPU
		{B71512E1-20D1-4E5D-A71D-AC0C9B2A77B2}.Debug|x86.Build.0 = Debug|Any CPU
		{B71512E1-20D1-4E5D-A71D-AC0C9B2A77B2}.Release|Any CPU.ActiveCfg = Release|Any CPU
		{B71512E1-20D1-4E5D-A71D-AC0C9B2A77B2}.Release|Any CPU.Build.0 = Release|Any CPU
		{B71512E1-20D1-4E5D-A71D-AC0C9B2A77B2}.Release|x64.ActiveCfg = Release|Any CPU
		{B71512E1-20D1-4E5D-A71D-AC0C9B2A77B2}.Release|x64.Build.0 = Release|Any CPU
		{B71512E1-20D1-4E5D-A71D-AC0C9B2A77B2}.Release|x86.ActiveCfg = Release|Any CPU
		{B71512E1-20D1-4E5D-A71D-AC0C9B2A77B2}.Release|x86.Build.0 = Release|Any CPU
		{FDECFB21-288C-4A1F-8E77-7634E18773AF}.Debug|Any CPU.ActiveCfg = Debug|Any CPU
		{FDECFB21-288C-4A1F-8E77-7634E18773AF}.Debug|Any CPU.Build.0 = Debug|Any CPU
		{FDECFB21-288C-4A1F-8E77-7634E18773AF}.Debug|x64.ActiveCfg = Debug|Any CPU
		{FDECFB21-288C-4A1F-8E77-7634E18773AF}.Debug|x64.Build.0 = Debug|Any CPU
		{FDECFB21-288C-4A1F-8E77-7634E18773AF}.Debug|x86.ActiveCfg = Debug|Any CPU
		{FDECFB21-288C-4A1F-8E77-7634E18773AF}.Debug|x86.Build.0 = Debug|Any CPU
		{FDECFB21-288C-4A1F-8E77-7634E18773AF}.Release|Any CPU.ActiveCfg = Release|Any CPU
		{FDECFB21-288C-4A1F-8E77-7634E18773AF}.Release|Any CPU.Build.0 = Release|Any CPU
		{FDECFB21-288C-4A1F-8E77-7634E18773AF}.Release|x64.ActiveCfg = Release|Any CPU
		{FDECFB21-288C-4A1F-8E77-7634E18773AF}.Release|x64.Build.0 = Release|Any CPU
		{FDECFB21-288C-4A1F-8E77-7634E18773AF}.Release|x86.ActiveCfg = Release|Any CPU
		{FDECFB21-288C-4A1F-8E77-7634E18773AF}.Release|x86.Build.0 = Release|Any CPU
	EndGlobalSection
EndGlobal
